
Microsoft Visual Studio Solution File, Format Version 12.00
# Visual Studio Version 17
VisualStudioVersion = 17.0.31903.59
MinimumVisualStudioVersion = 10.0.40219.1
Project("{FAE04EC0-301F-11D3-BF4B-00C04F79EFBC}") = "API", "API\API.csproj", "{CCAAA5D8-B20B-47AB-A81D-68A0A78900FC}"
EndProject
Project("{FAE04EC0-301F-11D3-BF4B-00C04F79EFBC}") = "Domain", "Domain\Domain.csproj", "{F910E227-B2D6-47AB-B31A-1C762FCE53F5}"
EndProject
Project("{FAE04EC0-301F-11D3-BF4B-00C04F79EFBC}") = "Application", "Application\Application.csproj", "{89794B81-E10D-45E5-9830-CC4E0D5D5658}"
EndProject
Project("{FAE04EC0-301F-11D3-BF4B-00C04F79EFBC}") = "Persistence", "Persistence\Persistence.csproj", "{599C36FC-2B2B-4F43-968B-E1CB388016AB}"
EndProject
Global
	GlobalSection(SolutionConfigurationPlatforms) = preSolution
		Debug|Any CPU = Debug|Any CPU
		Debug|x64 = Debug|x64
		Debug|x86 = Debug|x86
		Release|Any CPU = Release|Any CPU
		Release|x64 = Release|x64
		Release|x86 = Release|x86
	EndGlobalSection
	GlobalSection(ProjectConfigurationPlatforms) = postSolution
		{CCAAA5D8-B20B-47AB-A81D-68A0A78900FC}.Debug|Any CPU.ActiveCfg = Debug|Any CPU
		{CCAAA5D8-B20B-47AB-A81D-68A0A78900FC}.Debug|Any CPU.Build.0 = Debug|Any CPU
		{CCAAA5D8-B20B-47AB-A81D-68A0A78900FC}.Debug|x64.ActiveCfg = Debug|Any CPU
		{CCAAA5D8-B20B-47AB-A81D-68A0A78900FC}.Debug|x64.Build.0 = Debug|Any CPU
		{CCAAA5D8-B20B-47AB-A81D-68A0A78900FC}.Debug|x86.ActiveCfg = Debug|Any CPU
		{CCAAA5D8-B20B-47AB-A81D-68A0A78900FC}.Debug|x86.Build.0 = Debug|Any CPU
		{CCAAA5D8-B20B-47AB-A81D-68A0A78900FC}.Release|Any CPU.ActiveCfg = Release|Any CPU
		{CCAAA5D8-B20B-47AB-A81D-68A0A78900FC}.Release|Any CPU.Build.0 = Release|Any CPU
		{CCAAA5D8-B20B-47AB-A81D-68A0A78900FC}.Release|x64.ActiveCfg = Release|Any CPU
		{CCAAA5D8-B20B-47AB-A81D-68A0A78900FC}.Release|x64.Build.0 = Release|Any CPU
		{CCAAA5D8-B20B-47AB-A81D-68A0A78900FC}.Release|x86.ActiveCfg = Release|Any CPU
		{CCAAA5D8-B20B-47AB-A81D-68A0A78900FC}.Release|x86.Build.0 = Release|Any CPU
		{F910E227-B2D6-47AB-B31A-1C762FCE53F5}.Debug|Any CPU.ActiveCfg = Debug|Any CPU
		{F910E227-B2D6-47AB-B31A-1C762FCE53F5}.Debug|Any CPU.Build.0 = Debug|Any CPU
		{F910E227-B2D6-47AB-B31A-1C762FCE53F5}.Debug|x64.ActiveCfg = Debug|Any CPU
		{F910E227-B2D6-47AB-B31A-1C762FCE53F5}.Debug|x64.Build.0 = Debug|Any CPU
		{F910E227-B2D6-47AB-B31A-1C762FCE53F5}.Debug|x86.ActiveCfg = Debug|Any CPU
		{F910E227-B2D6-47AB-B31A-1C762FCE53F5}.Debug|x86.Build.0 = Debug|Any CPU
		{F910E227-B2D6-47AB-B31A-1C762FCE53F5}.Release|Any CPU.ActiveCfg = Release|Any CPU
		{F910E227-B2D6-47AB-B31A-1C762FCE53F5}.Release|Any CPU.Build.0 = Release|Any CPU
		{F910E227-B2D6-47AB-B31A-1C762FCE53F5}.Release|x64.ActiveCfg = Release|Any CPU
		{F910E227-B2D6-47AB-B31A-1C762FCE53F5}.Release|x64.Build.0 = Release|Any CPU
		{F910E227-B2D6-47AB-B31A-1C762FCE53F5}.Release|x86.ActiveCfg = Release|Any CPU
		{F910E227-B2D6-47AB-B31A-1C762FCE53F5}.Release|x86.Build.0 = Release|Any CPU
		{89794B81-E10D-45E5-9830-CC4E0D5D5658}.Debug|Any CPU.ActiveCfg = Debug|Any CPU
		{89794B81-E10D-45E5-9830-CC4E0D5D5658}.Debug|Any CPU.Build.0 = Debug|Any CPU
		{89794B81-E10D-45E5-9830-CC4E0D5D5658}.Debug|x64.ActiveCfg = Debug|Any CPU
		{89794B81-E10D-45E5-9830-CC4E0D5D5658}.Debug|x64.Build.0 = Debug|Any CPU
		{89794B81-E10D-45E5-9830-CC4E0D5D5658}.Debug|x86.ActiveCfg = Debug|Any CPU
		{89794B81-E10D-45E5-9830-CC4E0D5D5658}.Debug|x86.Build.0 = Debug|Any CPU
		{89794B81-E10D-45E5-9830-CC4E0D5D5658}.Release|Any CPU.ActiveCfg = Release|Any CPU
		{89794B81-E10D-45E5-9830-CC4E0D5D5658}.Release|Any CPU.Build.0 = Release|Any CPU
		{89794B81-E10D-45E5-9830-CC4E0D5D5658}.Release|x64.ActiveCfg = Release|Any CPU
		{89794B81-E10D-45E5-9830-CC4E0D5D5658}.Release|x64.Build.0 = Release|Any CPU
		{89794B81-E10D-45E5-9830-CC4E0D5D5658}.Release|x86.ActiveCfg = Release|Any CPU
		{89794B81-E10D-45E5-9830-CC4E0D5D5658}.Release|x86.Build.0 = Release|Any CPU
		{599C36FC-2B2B-4F43-968B-E1CB388016AB}.Debug|Any CPU.ActiveCfg = Debug|Any CPU
		{599C36FC-2B2B-4F43-968B-E1CB388016AB}.Debug|Any CPU.Build.0 = Debug|Any CPU
		{599C36FC-2B2B-4F43-968B-E1CB388016AB}.Debug|x64.ActiveCfg = Debug|Any CPU
		{599C36FC-2B2B-4F43-968B-E1CB388016AB}.Debug|x64.Build.0 = Debug|Any CPU
		{599C36FC-2B2B-4F43-968B-E1CB388016AB}.Debug|x86.ActiveCfg = Debug|Any CPU
		{599C36FC-2B2B-4F43-968B-E1CB388016AB}.Debug|x86.Build.0 = Debug|Any CPU
		{599C36FC-2B2B-4F43-968B-E1CB388016AB}.Release|Any CPU.ActiveCfg = Release|Any CPU
		{599C36FC-2B2B-4F43-968B-E1CB388016AB}.Release|Any CPU.Build.0 = Release|Any CPU
		{599C36FC-2B2B-4F43-968B-E1CB388016AB}.Release|x64.ActiveCfg = Release|Any CPU
		{599C36FC-2B2B-4F43-968B-E1CB388016AB}.Release|x64.Build.0 = Release|Any CPU
		{599C36FC-2B2B-4F43-968B-E1CB388016AB}.Release|x86.ActiveCfg = Release|Any CPU
		{599C36FC-2B2B-4F43-968B-E1CB388016AB}.Release|x86.Build.0 = Release|Any CPU
	EndGlobalSection
	GlobalSection(SolutionProperties) = preSolution
		HideSolutionNode = FALSE
	EndGlobalSection
EndGlobal
